
Microsoft Visual Studio Solution File, Format Version 12.00
# Visual Studio Version 17
VisualStudioVersion = 17.1.32228.430
MinimumVisualStudioVersion = 10.0.40219.1
Project("{888888A0-9F3D-457C-B088-3A5042F75D52}") = "Act 21", "Act 21.pyproj", "{348B089A-3F8E-4B94-A8E4-983249BEDE05}"
EndProject
Global
	GlobalSection(SolutionConfigurationPlatforms) = preSolution
		Debug|Any CPU = Debug|Any CPU
		Release|Any CPU = Release|Any CPU
	EndGlobalSection
	GlobalSection(ProjectConfigurationPlatforms) = postSolution
		{348B089A-3F8E-4B94-A8E4-983249BEDE05}.Debug|Any CPU.ActiveCfg = Debug|Any CPU
		{348B089A-3F8E-4B94-A8E4-983249BEDE05}.Release|Any CPU.ActiveCfg = Release|Any CPU
	EndGlobalSection
	GlobalSection(SolutionProperties) = preSolution
		HideSolutionNode = FALSE
	EndGlobalSection
	GlobalSection(ExtensibilityGlobals) = postSolution
		SolutionGuid = {2C31C0E4-4A97-4FD5-B045-4D5668BCD2EF}
	EndGlobalSection
EndGlobal
