
Microsoft Visual Studio Solution File, Format Version 12.00
# Visual Studio Version 17
VisualStudioVersion = 17.1.32228.430
MinimumVisualStudioVersion = 10.0.40219.1
Project("{888888A0-9F3D-457C-B088-3A5042F75D52}") = "Operaciones", "Operaciones.pyproj", "{1E024577-4275-469A-A2B5-AA60845CB1ED}"
EndProject
Global
	GlobalSection(SolutionConfigurationPlatforms) = preSolution
		Debug|Any CPU = Debug|Any CPU
		Release|Any CPU = Release|Any CPU
	EndGlobalSection
	GlobalSection(ProjectConfigurationPlatforms) = postSolution
		{1E024577-4275-469A-A2B5-AA60845CB1ED}.Debug|Any CPU.ActiveCfg = Debug|Any CPU
		{1E024577-4275-469A-A2B5-AA60845CB1ED}.Release|Any CPU.ActiveCfg = Release|Any CPU
	EndGlobalSection
	GlobalSection(SolutionProperties) = preSolution
		HideSolutionNode = FALSE
	EndGlobalSection
	GlobalSection(ExtensibilityGlobals) = postSolution
		SolutionGuid = {6425F818-449B-42F2-A2C3-E8908D8E745C}
	EndGlobalSection
EndGlobal
