
Microsoft Visual Studio Solution File, Format Version 12.00
# Visual Studio Version 17
VisualStudioVersion = 17.1.32228.430
MinimumVisualStudioVersion = 10.0.40219.1
Project("{888888A0-9F3D-457C-B088-3A5042F75D52}") = "Act 27.2", "Act 27.2.pyproj", "{6FCD766B-6612-4AC9-A49E-33290ED9C7B7}"
EndProject
Global
	GlobalSection(SolutionConfigurationPlatforms) = preSolution
		Debug|Any CPU = Debug|Any CPU
		Release|Any CPU = Release|Any CPU
	EndGlobalSection
	GlobalSection(ProjectConfigurationPlatforms) = postSolution
		{6FCD766B-6612-4AC9-A49E-33290ED9C7B7}.Debug|Any CPU.ActiveCfg = Debug|Any CPU
		{6FCD766B-6612-4AC9-A49E-33290ED9C7B7}.Release|Any CPU.ActiveCfg = Release|Any CPU
	EndGlobalSection
	GlobalSection(SolutionProperties) = preSolution
		HideSolutionNode = FALSE
	EndGlobalSection
	GlobalSection(ExtensibilityGlobals) = postSolution
		SolutionGuid = {25E418A7-3916-4F58-AC11-18162C592226}
	EndGlobalSection
EndGlobal
