
Microsoft Visual Studio Solution File, Format Version 12.00
# Visual Studio Version 17
VisualStudioVersion = 17.1.32228.430
MinimumVisualStudioVersion = 10.0.40219.1
Project("{888888A0-9F3D-457C-B088-3A5042F75D52}") = "saltos de linea y tabulaciones", "saltos de linea y tabulaciones.pyproj", "{90F48ABC-E501-4A8F-9D0E-17F4F0E379CA}"
EndProject
Global
	GlobalSection(SolutionConfigurationPlatforms) = preSolution
		Debug|Any CPU = Debug|Any CPU
		Release|Any CPU = Release|Any CPU
	EndGlobalSection
	GlobalSection(ProjectConfigurationPlatforms) = postSolution
		{90F48ABC-E501-4A8F-9D0E-17F4F0E379CA}.Debug|Any CPU.ActiveCfg = Debug|Any CPU
		{90F48ABC-E501-4A8F-9D0E-17F4F0E379CA}.Release|Any CPU.ActiveCfg = Release|Any CPU
	EndGlobalSection
	GlobalSection(SolutionProperties) = preSolution
		HideSolutionNode = FALSE
	EndGlobalSection
	GlobalSection(ExtensibilityGlobals) = postSolution
		SolutionGuid = {F17D63EB-DD24-4F49-A477-5565F015EE2A}
	EndGlobalSection
EndGlobal
