
Microsoft Visual Studio Solution File, Format Version 12.00
# Visual Studio Version 17
VisualStudioVersion = 17.1.32228.430
MinimumVisualStudioVersion = 10.0.40219.1
Project("{888888A0-9F3D-457C-B088-3A5042F75D52}") = "Act 23", "Act 23.pyproj", "{CA14DAAE-2172-40A9-9534-D16AE591645C}"
EndProject
Global
	GlobalSection(SolutionConfigurationPlatforms) = preSolution
		Debug|Any CPU = Debug|Any CPU
		Release|Any CPU = Release|Any CPU
	EndGlobalSection
	GlobalSection(ProjectConfigurationPlatforms) = postSolution
		{CA14DAAE-2172-40A9-9534-D16AE591645C}.Debug|Any CPU.ActiveCfg = Debug|Any CPU
		{CA14DAAE-2172-40A9-9534-D16AE591645C}.Release|Any CPU.ActiveCfg = Release|Any CPU
	EndGlobalSection
	GlobalSection(SolutionProperties) = preSolution
		HideSolutionNode = FALSE
	EndGlobalSection
	GlobalSection(ExtensibilityGlobals) = postSolution
		SolutionGuid = {1EEB1A1E-F731-44DF-B405-952BB376381C}
	EndGlobalSection
EndGlobal
